// !$*UTF8*$!
{
	archiveVersion = 1;
	classes = {
	};
	objectVersion = 55;
	objects = {

/* Begin PBXBuildFile section */
		A382314028371CC400D76605 /* main.cpp in Sources */ = {isa = PBXBuildFile; fileRef = A382313F28371CC400D76605 /* main.cpp */; };
		A3823148283906D400D76605 /* Beverage.cpp in Sources */ = {isa = PBXBuildFile; fileRef = A3823146283906D400D76605 /* Beverage.cpp */; };
		A3DD62E528325068009DC1FA /* Machine.cpp in Sources */ = {isa = PBXBuildFile; fileRef = A3DD62E328325068009DC1FA /* Machine.cpp */; };
		A3DD62E828325858009DC1FA /* Maintenance.cpp in Sources */ = {isa = PBXBuildFile; fileRef = A3DD62E628325858009DC1FA /* Maintenance.cpp */; };
		A3DD62EB28325879009DC1FA /* Operation.cpp in Sources */ = {isa = PBXBuildFile; fileRef = A3DD62E928325879009DC1FA /* Operation.cpp */; };
/* End PBXBuildFile section */

/* Begin PBXCopyFilesBuildPhase section */
		A3DD62D7283239D1009DC1FA /* CopyFiles */ = {
			isa = PBXCopyFilesBuildPhase;
			buildActionMask = 2147483647;
			dstPath = /usr/share/man/man1/;
			dstSubfolderSpec = 0;
			files = (
			);
			runOnlyForDeploymentPostprocessing = 1;
		};
/* End PBXCopyFilesBuildPhase section */

/* Begin PBXFileReference section */
		A382313828371B5B00D76605 /* VendingMachine.xcodeproj */ = {isa = PBXFileReference; lastKnownFileType = "wrapper.pb-project"; path = VendingMachine.xcodeproj; sourceTree = "<group>"; };
		A382313F28371CC400D76605 /* main.cpp */ = {isa = PBXFileReference; lastKnownFileType = sourcecode.cpp.cpp; name = main.cpp; path = VendingMachine/main.cpp; sourceTree = "<group>"; };
		A3823146283906D400D76605 /* Beverage.cpp */ = {isa = PBXFileReference; lastKnownFileType = sourcecode.cpp.cpp; path = Beverage.cpp; sourceTree = "<group>"; };
		A3823147283906D400D76605 /* Beverage.hpp */ = {isa = PBXFileReference; lastKnownFileType = sourcecode.cpp.h; path = Beverage.hpp; sourceTree = "<group>"; };
		A3DD62D9283239D1009DC1FA /* VendingMachine */ = {isa = PBXFileReference; explicitFileType = "compiled.mach-o.executable"; includeInIndex = 0; path = VendingMachine; sourceTree = BUILT_PRODUCTS_DIR; };
		A3DD62E328325068009DC1FA /* Machine.cpp */ = {isa = PBXFileReference; lastKnownFileType = sourcecode.cpp.cpp; path = Machine.cpp; sourceTree = "<group>"; };
		A3DD62E428325068009DC1FA /* Machine.hpp */ = {isa = PBXFileReference; lastKnownFileType = sourcecode.cpp.h; path = Machine.hpp; sourceTree = "<group>"; };
		A3DD62E628325858009DC1FA /* Maintenance.cpp */ = {isa = PBXFileReference; lastKnownFileType = sourcecode.cpp.cpp; path = Maintenance.cpp; sourceTree = "<group>"; };
		A3DD62E728325858009DC1FA /* Maintenance.hpp */ = {isa = PBXFileReference; lastKnownFileType = sourcecode.cpp.h; path = Maintenance.hpp; sourceTree = "<group>"; };
		A3DD62E928325879009DC1FA /* Operation.cpp */ = {isa = PBXFileReference; lastKnownFileType = sourcecode.cpp.cpp; path = Operation.cpp; sourceTree = "<group>"; };
		A3DD62EA28325879009DC1FA /* Operation.hpp */ = {isa = PBXFileReference; lastKnownFileType = sourcecode.cpp.h; path = Operation.hpp; sourceTree = "<group>"; };
/* End PBXFileReference section */

/* Begin PBXFrameworksBuildPhase section */
		A3DD62D6283239D1009DC1FA /* Frameworks */ = {
			isa = PBXFrameworksBuildPhase;
			buildActionMask = 2147483647;
			files = (
			);
			runOnlyForDeploymentPostprocessing = 0;
		};
/* End PBXFrameworksBuildPhase section */

/* Begin PBXGroup section */
		A382313928371B5B00D76605 /* Products */ = {
			isa = PBXGroup;
			name = Products;
			sourceTree = "<group>";
		};
		A3DD62D0283239D0009DC1FA = {
			isa = PBXGroup;
			children = (
				A382313F28371CC400D76605 /* main.cpp */,
				A382313828371B5B00D76605 /* VendingMachine.xcodeproj */,
				A3DD62DB283239D1009DC1FA /* VendingMachine */,
				A3DD62DA283239D1009DC1FA /* Products */,
			);
			sourceTree = "<group>";
		};
		A3DD62DA283239D1009DC1FA /* Products */ = {
			isa = PBXGroup;
			children = (
				A3DD62D9283239D1009DC1FA /* VendingMachine */,
			);
			name = Products;
			sourceTree = "<group>";
		};
		A3DD62DB283239D1009DC1FA /* VendingMachine */ = {
			isa = PBXGroup;
			children = (
				A3DD62E328325068009DC1FA /* Machine.cpp */,
				A3DD62E428325068009DC1FA /* Machine.hpp */,
				A3DD62E628325858009DC1FA /* Maintenance.cpp */,
				A3DD62E728325858009DC1FA /* Maintenance.hpp */,
				A3DD62E928325879009DC1FA /* Operation.cpp */,
				A3DD62EA28325879009DC1FA /* Operation.hpp */,
				A3823146283906D400D76605 /* Beverage.cpp */,
				A3823147283906D400D76605 /* Beverage.hpp */,
			);
			path = VendingMachine;
			sourceTree = "<group>";
		};
/* End PBXGroup section */

/* Begin PBXNativeTarget section */
		A3DD62D8283239D1009DC1FA /* VendingMachine */ = {
			isa = PBXNativeTarget;
			buildConfigurationList = A3DD62E0283239D1009DC1FA /* Build configuration list for PBXNativeTarget "VendingMachine" */;
			buildPhases = (
				A3DD62D5283239D1009DC1FA /* Sources */,
				A3DD62D6283239D1009DC1FA /* Frameworks */,
				A3DD62D7283239D1009DC1FA /* CopyFiles */,
			);
			buildRules = (
			);
			dependencies = (
			);
			name = VendingMachine;
			productName = VendingMachine;
			productReference = A3DD62D9283239D1009DC1FA /* VendingMachine */;
			productType = "com.apple.product-type.tool";
		};
/* End PBXNativeTarget section */

/* Begin PBXProject section */
		A3DD62D1283239D0009DC1FA /* Project object */ = {
			isa = PBXProject;
			attributes = {
				BuildIndependentTargetsInParallel = 1;
				LastUpgradeCheck = 1320;
				TargetAttributes = {
					A3DD62D8283239D1009DC1FA = {
						CreatedOnToolsVersion = 13.2.1;
					};
				};
			};
			buildConfigurationList = A3DD62D4283239D0009DC1FA /* Build configuration list for PBXProject "VendingMachine" */;
			compatibilityVersion = "Xcode 13.0";
			developmentRegion = en;
			hasScannedForEncodings = 0;
			knownRegions = (
				en,
				Base,
			);
			mainGroup = A3DD62D0283239D0009DC1FA;
			productRefGroup = A3DD62DA283239D1009DC1FA /* Products */;
			projectDirPath = "";
			projectReferences = (
				{
					ProductGroup = A382313928371B5B00D76605 /* Products */;
					ProjectRef = A382313828371B5B00D76605 /* VendingMachine.xcodeproj */;
				},
			);
			projectRoot = "";
			targets = (
				A3DD62D8283239D1009DC1FA /* VendingMachine */,
			);
		};
/* End PBXProject section */

/* Begin PBXSourcesBuildPhase section */
		A3DD62D5283239D1009DC1FA /* Sources */ = {
			isa = PBXSourcesBuildPhase;
			buildActionMask = 2147483647;
			files = (
				A3DD62E828325858009DC1FA /* Maintenance.cpp in Sources */,
				A3DD62E528325068009DC1FA /* Machine.cpp in Sources */,
				A382314028371CC400D76605 /* main.cpp in Sources */,
				A3823148283906D400D76605 /* Beverage.cpp in Sources */,
				A3DD62EB28325879009DC1FA /* Operation.cpp in Sources */,
			);
			runOnlyForDeploymentPostprocessing = 0;
		};
/* End PBXSourcesBuildPhase section */

/* Begin XCBuildConfiguration section */
		A3DD62DE283239D1009DC1FA /* Debug */ = {
			isa = XCBuildConfiguration;
			buildSettings = {
				ALWAYS_SEARCH_USER_PATHS = NO;
				CLANG_ANALYZER_NONNULL = YES;
				CLANG_ANALYZER_NUMBER_OBJECT_CONVERSION = YES_AGGRESSIVE;
				CLANG_CXX_LANGUAGE_STANDARD = "gnu++17";
				CLANG_CXX_LIBRARY = "libc++";
				CLANG_ENABLE_MODULES = YES;
				CLANG_ENABLE_OBJC_ARC = YES;
				CLANG_ENABLE_OBJC_WEAK = YES;
				CLANG_WARN_BLOCK_CAPTURE_AUTORELEASING = YES;
				CLANG_WARN_BOOL_CONVERSION = YES;
				CLANG_WARN_COMMA = YES;
				CLANG_WARN_CONSTANT_CONVERSION = YES;
				CLANG_WARN_DEPRECATED_OBJC_IMPLEMENTATIONS = YES;
				CLANG_WARN_DIRECT_OBJC_ISA_USAGE = YES_ERROR;
				CLANG_WARN_DOCUMENTATION_COMMENTS = YES;
				CLANG_WARN_EMPTY_BODY = YES;
				CLANG_WARN_ENUM_CONVERSION = YES;
				CLANG_WARN_INFINITE_RECURSION = YES;
				CLANG_WARN_INT_CONVERSION = YES;
				CLANG_WARN_NON_LITERAL_NULL_CONVERSION = YES;
				CLANG_WARN_OBJC_IMPLICIT_RETAIN_SELF = YES;
				CLANG_WARN_OBJC_LITERAL_CONVERSION = YES;
				CLANG_WARN_OBJC_ROOT_CLASS = YES_ERROR;
				CLANG_WARN_QUOTED_INCLUDE_IN_FRAMEWORK_HEADER = YES;
				CLANG_WARN_RANGE_LOOP_ANALYSIS = YES;
				CLANG_WARN_STRICT_PROTOTYPES = YES;
				CLANG_WARN_SUSPICIOUS_MOVE = YES;
				CLANG_WARN_UNGUARDED_AVAILABILITY = YES_AGGRESSIVE;
				CLANG_WARN_UNREACHABLE_CODE = YES;
				CLANG_WARN__DUPLICATE_METHOD_MATCH = YES;
				COPY_PHASE_STRIP = NO;
				DEBUG_INFORMATION_FORMAT = dwarf;
				ENABLE_STRICT_OBJC_MSGSEND = YES;
				ENABLE_TESTABILITY = YES;
				GCC_C_LANGUAGE_STANDARD = gnu11;
				GCC_DYNAMIC_NO_PIC = NO;
				GCC_NO_COMMON_BLOCKS = YES;
				GCC_OPTIMIZATION_LEVEL = 0;
				GCC_PREPROCESSOR_DEFINITIONS = (
					"DEBUG=1",
					"$(inherited)",
				);
				GCC_WARN_64_TO_32_BIT_CONVERSION = YES;
				GCC_WARN_ABOUT_RETURN_TYPE = YES_ERROR;
				GCC_WARN_UNDECLARED_SELECTOR = YES;
				GCC_WARN_UNINITIALIZED_AUTOS = YES_AGGRESSIVE;
				GCC_WARN_UNUSED_FUNCTION = YES;
				GCC_WARN_UNUSED_VARIABLE = YES;
				MACOSX_DEPLOYMENT_TARGET = 12.1;
				MTL_ENABLE_DEBUG_INFO = INCLUDE_SOURCE;
				MTL_FAST_MATH = YES;
				ONLY_ACTIVE_ARCH = YES;
				SDKROOT = macosx;
			};
			name = Debug;
		};
		A3DD62DF283239D1009DC1FA /* Release */ = {
			isa = XCBuildConfiguration;
			buildSettings = {
				ALWAYS_SEARCH_USER_PATHS = NO;
				CLANG_ANALYZER_NONNULL = YES;
				CLANG_ANALYZER_NUMBER_OBJECT_CONVERSION = YES_AGGRESSIVE;
				CLANG_CXX_LANGUAGE_STANDARD = "gnu++17";
				CLANG_CXX_LIBRARY = "libc++";
				CLANG_ENABLE_MODULES = YES;
				CLANG_ENABLE_OBJC_ARC = YES;
				CLANG_ENABLE_OBJC_WEAK = YES;
				CLANG_WARN_BLOCK_CAPTURE_AUTORELEASING = YES;
				CLANG_WARN_BOOL_CONVERSION = YES;
				CLANG_WARN_COMMA = YES;
				CLANG_WARN_CONSTANT_CONVERSION = YES;
				CLANG_WARN_DEPRECATED_OBJC_IMPLEMENTATIONS = YES;
				CLANG_WARN_DIRECT_OBJC_ISA_USAGE = YES_ERROR;
				CLANG_WARN_DOCUMENTATION_COMMENTS = YES;
				CLANG_WARN_EMPTY_BODY = YES;
				CLANG_WARN_ENUM_CONVERSION = YES;
				CLANG_WARN_INFINITE_RECURSION = YES;
				CLANG_WARN_INT_CONVERSION = YES;
				CLANG_WARN_NON_LITERAL_NULL_CONVERSION = YES;
				CLANG_WARN_OBJC_IMPLICIT_RETAIN_SELF = YES;
				CLANG_WARN_OBJC_LITERAL_CONVERSION = YES;
				CLANG_WARN_OBJC_ROOT_CLASS = YES_ERROR;
				CLANG_WARN_QUOTED_INCLUDE_IN_FRAMEWORK_HEADER = YES;
				CLANG_WARN_RANGE_LOOP_ANALYSIS = YES;
				CLANG_WARN_STRICT_PROTOTYPES = YES;
				CLANG_WARN_SUSPICIOUS_MOVE = YES;
				CLANG_WARN_UNGUARDED_AVAILABILITY = YES_AGGRESSIVE;
				CLANG_WARN_UNREACHABLE_CODE = YES;
				CLANG_WARN__DUPLICATE_METHOD_MATCH = YES;
				COPY_PHASE_STRIP = NO;
				DEBUG_INFORMATION_FORMAT = "dwarf-with-dsym";
				ENABLE_NS_ASSERTIONS = NO;
				ENABLE_STRICT_OBJC_MSGSEND = YES;
				GCC_C_LANGUAGE_STANDARD = gnu11;
				GCC_NO_COMMON_BLOCKS = YES;
				GCC_WARN_64_TO_32_BIT_CONVERSION = YES;
				GCC_WARN_ABOUT_RETURN_TYPE = YES_ERROR;
				GCC_WARN_UNDECLARED_SELECTOR = YES;
				GCC_WARN_UNINITIALIZED_AUTOS = YES_AGGRESSIVE;
				GCC_WARN_UNUSED_FUNCTION = YES;
				GCC_WARN_UNUSED_VARIABLE = YES;
				MACOSX_DEPLOYMENT_TARGET = 12.1;
				MTL_ENABLE_DEBUG_INFO = NO;
				MTL_FAST_MATH = YES;
				SDKROOT = macosx;
			};
			name = Release;
		};
		A3DD62E1283239D1009DC1FA /* Debug */ = {
			isa = XCBuildConfiguration;
			buildSettings = {
				CODE_SIGN_STYLE = Automatic;
				DEVELOPMENT_TEAM = 2MNYRD6W23;
				ENABLE_HARDENED_RUNTIME = YES;
				PRODUCT_NAME = "$(TARGET_NAME)";
			};
			name = Debug;
		};
		A3DD62E2283239D1009DC1FA /* Release */ = {
			isa = XCBuildConfiguration;
			buildSettings = {
				CODE_SIGN_STYLE = Automatic;
				DEVELOPMENT_TEAM = 2MNYRD6W23;
				ENABLE_HARDENED_RUNTIME = YES;
				PRODUCT_NAME = "$(TARGET_NAME)";
			};
			name = Release;
		};
/* End XCBuildConfiguration section */

/* Begin XCConfigurationList section */
		A3DD62D4283239D0009DC1FA /* Build configuration list for PBXProject "VendingMachine" */ = {
			isa = XCConfigurationList;
			buildConfigurations = (
				A3DD62DE283239D1009DC1FA /* Debug */,
				A3DD62DF283239D1009DC1FA /* Release */,
			);
			defaultConfigurationIsVisible = 0;
			defaultConfigurationName = Release;
		};
		A3DD62E0283239D1009DC1FA /* Build configuration list for PBXNativeTarget "VendingMachine" */ = {
			isa = XCConfigurationList;
			buildConfigurations = (
				A3DD62E1283239D1009DC1FA /* Debug */,
				A3DD62E2283239D1009DC1FA /* Release */,
			);
			defaultConfigurationIsVisible = 0;
			defaultConfigurationName = Release;
		};
/* End XCConfigurationList section */
	};
	rootObject = A3DD62D1283239D0009DC1FA /* Project object */;
}
